feed	root	commit
gl_feed_common	adguardhome-conntrack	763868c2bb9dbc26f8d9911a86c103abd7a8f1b5
gl_feed_common	dhcpdiscover	763868c2bb9dbc26f8d9911a86c103abd7a8f1b5
gl_feed_common	dnsmasq	763868c2bb9dbc26f8d9911a86c103abd7a8f1b5
gl_feed_common	ffmpeg	763868c2bb9dbc26f8d9911a86c103abd7a8f1b5
gl_feed_common	fullconenat	763868c2bb9dbc26f8d9911a86c103abd7a8f1b5
gl_feed_common	gl-sdk4-fan	763868c2bb9dbc26f8d9911a86c103abd7a8f1b5
gl_feed_common	gl-sdk4-hw-info	763868c2bb9dbc26f8d9911a86c103abd7a8f1b5
gl_feed_common	golang	763868c2bb9dbc26f8d9911a86c103abd7a8f1b5
gl_feed_common	libid3tag	763868c2bb9dbc26f8d9911a86c103abd7a8f1b5
gl_feed_common	libiwinfo-lua54	763868c2bb9dbc26f8d9911a86c103abd7a8f1b5
gl_feed_common	libuci-lua-54	763868c2bb9dbc26f8d9911a86c103abd7a8f1b5
gl_feed_common	lua5.4	763868c2bb9dbc26f8d9911a86c103abd7a8f1b5
gl_feed_common	minidlna	763868c2bb9dbc26f8d9911a86c103abd7a8f1b5
gl_feed_common	ntfs-3g	763868c2bb9dbc26f8d9911a86c103abd7a8f1b5
gl_feed_common	samba4	763868c2bb9dbc26f8d9911a86c103abd7a8f1b5
gl_feed_common	smstools3	763868c2bb9dbc26f8d9911a86c103abd7a8f1b5
gl_feed_common	ssmtp	763868c2bb9dbc26f8d9911a86c103abd7a8f1b5
gl_feed_common	vsftpd	763868c2bb9dbc26f8d9911a86c103abd7a8f1b5
gl_feed_common	wifidog-ng	db4de1cb1859b49d1c560569ca0e15a2f38d28e1
gl_feed_smstools3	smstools3	08b281fa2e953b88a467920a31095dc2d32ec919
gl_vpn_extra	amneziawg-tools	ca1c315ca05d45e8ec3239815b2730944a3e0a2b
gl_vpn_extra	kmod-amneziawg	ca1c315ca05d45e8ec3239815b2730944a3e0a2b
gl_vpn_extra	openvpn	ca1c315ca05d45e8ec3239815b2730944a3e0a2b
gl_vpn_extra	ovpn-dco	ca1c315ca05d45e8ec3239815b2730944a3e0a2b
glinet	gl-sdk4-arp-scan	fa941b5a64281f802aca8cfade5bf65d94e026f2
glinet	gl-sdk4-black_white_list	1feaf4afd4b88290ff36b44d4678b11992f31458
glinet	gl-sdk4-dns-mark	c80883038a1f0dfec5ab7e37fe85ffd1b15f75bb
glinet	gl-sdk4-firewall	3313014667356ea01c1e177f2e888c9a71e0a358
glinet	gl-sdk4-hw-check	ad85675270fd47a865e930eaf401dcd19e2f70da
glinet	gl-sdk4-kmwan	c882b9c294604726bbddfc9b7d9e749842d062ea
glinet	gl-sdk4-mpflow_statistics	ddc056ac1470d9c403e13d495ced14a07ff9c7fc
glinet	gl-sdk4-nas-exfat	963e6c8dedd464aa632d054e726bfd324445f3b6
glinet	gl-sdk4-parental-control	5b8b0897a4594e0c8652641e41e4f8ad15a721d8
glinet	gl-sdk4-repeater-v2	ce789c8975b8840493d1e27fc090f3886a897a71
glinet	gl-sdk4-tertf	6daeab15549873be397da2d5e8cf1edc4680ea93
